
Microsoft Visual Studio Solution File, Format Version 12.00
# Visual Studio Version 17
VisualStudioVersion = 17.5.33502.453
MinimumVisualStudioVersion = 10.0.40219.1
Project("{9A19103F-16F7-4668-BE54-9A1E7A4F7556}") = "ConsoleApp1", "ConsoleApp1\ConsoleApp1.csproj", "{8FF101F2-6A75-498C-BE63-A9B97896D207}"
EndProject
Project("{9A19103F-16F7-4668-BE54-9A1E7A4F7556}") = "TestProject2", "TestProject2\TestProject2.csproj", "{BBDAEFBD-D7E9-49EA-A2E8-463601746057}"
EndProject
Global
	GlobalSection(SolutionConfigurationPlatforms) = preSolution
		Debug|Any CPU = Debug|Any CPU
		Release|Any CPU = Release|Any CPU
	EndGlobalSection
	GlobalSection(ProjectConfigurationPlatforms) = postSolution
		{8FF101F2-6A75-498C-BE63-A9B97896D207}.Debug|Any CPU.ActiveCfg = Debug|Any CPU
		{8FF101F2-6A75-498C-BE63-A9B97896D207}.Debug|Any CPU.Build.0 = Debug|Any CPU
		{8FF101F2-6A75-498C-BE63-A9B97896D207}.Release|Any CPU.ActiveCfg = Release|Any CPU
		{8FF101F2-6A75-498C-BE63-A9B97896D207}.Release|Any CPU.Build.0 = Release|Any CPU
		{BBDAEFBD-D7E9-49EA-A2E8-463601746057}.Debug|Any CPU.ActiveCfg = Debug|Any CPU
		{BBDAEFBD-D7E9-49EA-A2E8-463601746057}.Debug|Any CPU.Build.0 = Debug|Any CPU
		{BBDAEFBD-D7E9-49EA-A2E8-463601746057}.Release|Any CPU.ActiveCfg = Release|Any CPU
		{BBDAEFBD-D7E9-49EA-A2E8-463601746057}.Release|Any CPU.Build.0 = Release|Any CPU
	EndGlobalSection
	GlobalSection(SolutionProperties) = preSolution
		HideSolutionNode = FALSE
	EndGlobalSection
	GlobalSection(ExtensibilityGlobals) = postSolution
		SolutionGuid = {7E59F66E-E252-416C-A7D8-5AF8A4B29EF3}
	EndGlobalSection
EndGlobal
